
Microsoft Visual Studio Solution File, Format Version 12.00
# Visual Studio 2012
Project("{2150E333-8FDC-42A3-9474-1A3956D46DE8}") = "Solution Items", "Solution Items", "{33B55426-68FD-4EEA-A4C6-A6A0FC406095}"
	ProjectSection(SolutionItems) = preProject
		Local.testsettings = Local.testsettings
		ProgressBar.vsmdi = ProgressBar.vsmdi
		TraceAndTestImpact.testsettings = TraceAndTestImpact.testsettings
	EndProjectSection
EndProject
Project("{FAE04EC0-301F-11D3-BF4B-00C04F79EFBC}") = "ProgressBar", "ProgressBar\ProgressBar.csproj", "{65A87C25-470A-4A9C-91F8-0A622670FC5D}"
EndProject
Global
	GlobalSection(TestCaseManagementSettings) = postSolution
		CategoryFile = ProgressBar.vsmdi
	EndGlobalSection
	GlobalSection(SolutionConfigurationPlatforms) = preSolution
		Debug|Any CPU = Debug|Any CPU
		Release|Any CPU = Release|Any CPU
	EndGlobalSection
	GlobalSection(ProjectConfigurationPlatforms) = postSolution
		{65A87C25-470A-4A9C-91F8-0A622670FC5D}.Debug|Any CPU.ActiveCfg = Debug|Any CPU
		{65A87C25-470A-4A9C-91F8-0A622670FC5D}.Debug|Any CPU.Build.0 = Debug|Any CPU
		{65A87C25-470A-4A9C-91F8-0A622670FC5D}.Release|Any CPU.ActiveCfg = Release|Any CPU
		{65A87C25-470A-4A9C-91F8-0A622670FC5D}.Release|Any CPU.Build.0 = Release|Any CPU
	EndGlobalSection
	GlobalSection(SolutionProperties) = preSolution
		HideSolutionNode = FALSE
	EndGlobalSection
EndGlobal
